
Microsoft Visual Studio Solution File, Format Version 12.00
Project("{FAE04EC0-301F-11D3-BF4B-00C04F79EFBC}") = "Development_and_Build_Tools", "Development_and_Build_Tools.csproj", "{5C6C5D3E-F198-40B5-AAFC-A52CBF3F9351}"
EndProject
Global
	GlobalSection(SolutionConfigurationPlatforms) = preSolution
		Debug|Any CPU = Debug|Any CPU
		Release|Any CPU = Release|Any CPU
	EndGlobalSection
	GlobalSection(ProjectConfigurationPlatforms) = postSolution
		{5C6C5D3E-F198-40B5-AAFC-A52CBF3F9351}.Debug|Any CPU.ActiveCfg = Debug|Any CPU
		{5C6C5D3E-F198-40B5-AAFC-A52CBF3F9351}.Debug|Any CPU.Build.0 = Debug|Any CPU
		{5C6C5D3E-F198-40B5-AAFC-A52CBF3F9351}.Release|Any CPU.ActiveCfg = Release|Any CPU
		{5C6C5D3E-F198-40B5-AAFC-A52CBF3F9351}.Release|Any CPU.Build.0 = Release|Any CPU
	EndGlobalSection
EndGlobal
